
Microsoft Visual Studio Solution File, Format Version 12.00
Project("{FAE04EC0-301F-11D3-BF4B-00C04F79EFBC}") = "Lesson1", "Lesson1\Lesson1.csproj", "{881A8334-773B-49CE-B684-85E3039FAA14}"
EndProject
Project("{FAE04EC0-301F-11D3-BF4B-00C04F79EFBC}") = "LessonTask1", "LessonTask1\LessonTask1.csproj", "{4C2EEA7E-302E-4BE8-8437-C97081E065A0}"
EndProject
Project("{FAE04EC0-301F-11D3-BF4B-00C04F79EFBC}") = "LessonTask", "LessonTask\LessonTask.csproj", "{109D5020-6CDD-459F-869B-0FB6F16D5AAC}"
EndProject
Project("{FAE04EC0-301F-11D3-BF4B-00C04F79EFBC}") = "LessonTask2", "LessonTask2\LessonTask2.csproj", "{1CAFDBF7-81F1-485C-80C2-DCE9AC55115D}"
EndProject
Project("{FAE04EC0-301F-11D3-BF4B-00C04F79EFBC}") = "LessonTask3", "LessonTask3\LessonTask3.csproj", "{A9115A87-C655-4F32-ACFE-ABB0DB1FB9B6}"
EndProject
Project("{FAE04EC0-301F-11D3-BF4B-00C04F79EFBC}") = "LessonTask4", "LessonTask4\LessonTask4.csproj", "{D1F40723-0182-4046-A5E7-E44093FE4025}"
EndProject
Project("{FAE04EC0-301F-11D3-BF4B-00C04F79EFBC}") = "LessonTask5", "LessonTask5\LessonTask5.csproj", "{515FB283-6DC1-4C80-ACB4-625632A3B3EF}"
EndProject
Project("{FAE04EC0-301F-11D3-BF4B-00C04F79EFBC}") = "LessonTask6", "LessonTask6\LessonTask6.csproj", "{6F1C906F-E791-402A-8F9F-96BE03CA79D8}"
EndProject
Project("{FAE04EC0-301F-11D3-BF4B-00C04F79EFBC}") = "MethodsClassLibrary", "MethodsClassLibrary\MethodsClassLibrary.csproj", "{3FB02C47-A829-4473-A25B-F317B91111B1}"
EndProject
Project("{FAE04EC0-301F-11D3-BF4B-00C04F79EFBC}") = "LessonTask7", "LessonTask7\LessonTask7.csproj", "{1D88D647-1A5E-4B4C-AC9E-135C39481A9E}"
EndProject
Global
	GlobalSection(SolutionConfigurationPlatforms) = preSolution
		Debug|Any CPU = Debug|Any CPU
		Release|Any CPU = Release|Any CPU
	EndGlobalSection
	GlobalSection(ProjectConfigurationPlatforms) = postSolution
		{881A8334-773B-49CE-B684-85E3039FAA14}.Debug|Any CPU.ActiveCfg = Debug|Any CPU
		{881A8334-773B-49CE-B684-85E3039FAA14}.Debug|Any CPU.Build.0 = Debug|Any CPU
		{881A8334-773B-49CE-B684-85E3039FAA14}.Release|Any CPU.ActiveCfg = Release|Any CPU
		{881A8334-773B-49CE-B684-85E3039FAA14}.Release|Any CPU.Build.0 = Release|Any CPU
		{881A8334-773B-49CE-B684-85E3039FAA14}.Debug|Any CPU.Deploy.0 = Debug|Any CPU
		{4C2EEA7E-302E-4BE8-8437-C97081E065A0}.Debug|Any CPU.ActiveCfg = Debug|Any CPU
		{4C2EEA7E-302E-4BE8-8437-C97081E065A0}.Debug|Any CPU.Build.0 = Debug|Any CPU
		{4C2EEA7E-302E-4BE8-8437-C97081E065A0}.Release|Any CPU.ActiveCfg = Release|Any CPU
		{4C2EEA7E-302E-4BE8-8437-C97081E065A0}.Release|Any CPU.Build.0 = Release|Any CPU
		{109D5020-6CDD-459F-869B-0FB6F16D5AAC}.Debug|Any CPU.ActiveCfg = Debug|Any CPU
		{109D5020-6CDD-459F-869B-0FB6F16D5AAC}.Debug|Any CPU.Build.0 = Debug|Any CPU
		{109D5020-6CDD-459F-869B-0FB6F16D5AAC}.Release|Any CPU.ActiveCfg = Release|Any CPU
		{109D5020-6CDD-459F-869B-0FB6F16D5AAC}.Release|Any CPU.Build.0 = Release|Any CPU
		{1CAFDBF7-81F1-485C-80C2-DCE9AC55115D}.Debug|Any CPU.ActiveCfg = Debug|Any CPU
		{1CAFDBF7-81F1-485C-80C2-DCE9AC55115D}.Debug|Any CPU.Build.0 = Debug|Any CPU
		{1CAFDBF7-81F1-485C-80C2-DCE9AC55115D}.Release|Any CPU.ActiveCfg = Release|Any CPU
		{1CAFDBF7-81F1-485C-80C2-DCE9AC55115D}.Release|Any CPU.Build.0 = Release|Any CPU
		{A9115A87-C655-4F32-ACFE-ABB0DB1FB9B6}.Debug|Any CPU.ActiveCfg = Debug|Any CPU
		{A9115A87-C655-4F32-ACFE-ABB0DB1FB9B6}.Debug|Any CPU.Build.0 = Debug|Any CPU
		{A9115A87-C655-4F32-ACFE-ABB0DB1FB9B6}.Release|Any CPU.ActiveCfg = Release|Any CPU
		{A9115A87-C655-4F32-ACFE-ABB0DB1FB9B6}.Release|Any CPU.Build.0 = Release|Any CPU
		{D1F40723-0182-4046-A5E7-E44093FE4025}.Debug|Any CPU.ActiveCfg = Debug|Any CPU
		{D1F40723-0182-4046-A5E7-E44093FE4025}.Debug|Any CPU.Build.0 = Debug|Any CPU
		{D1F40723-0182-4046-A5E7-E44093FE4025}.Release|Any CPU.ActiveCfg = Release|Any CPU
		{D1F40723-0182-4046-A5E7-E44093FE4025}.Release|Any CPU.Build.0 = Release|Any CPU
		{515FB283-6DC1-4C80-ACB4-625632A3B3EF}.Debug|Any CPU.ActiveCfg = Debug|Any CPU
		{515FB283-6DC1-4C80-ACB4-625632A3B3EF}.Debug|Any CPU.Build.0 = Debug|Any CPU
		{515FB283-6DC1-4C80-ACB4-625632A3B3EF}.Release|Any CPU.ActiveCfg = Release|Any CPU
		{515FB283-6DC1-4C80-ACB4-625632A3B3EF}.Release|Any CPU.Build.0 = Release|Any CPU
		{6F1C906F-E791-402A-8F9F-96BE03CA79D8}.Debug|Any CPU.ActiveCfg = Debug|Any CPU
		{6F1C906F-E791-402A-8F9F-96BE03CA79D8}.Debug|Any CPU.Build.0 = Debug|Any CPU
		{6F1C906F-E791-402A-8F9F-96BE03CA79D8}.Release|Any CPU.ActiveCfg = Release|Any CPU
		{6F1C906F-E791-402A-8F9F-96BE03CA79D8}.Release|Any CPU.Build.0 = Release|Any CPU
		{3FB02C47-A829-4473-A25B-F317B91111B1}.Debug|Any CPU.ActiveCfg = Debug|Any CPU
		{3FB02C47-A829-4473-A25B-F317B91111B1}.Debug|Any CPU.Build.0 = Debug|Any CPU
		{3FB02C47-A829-4473-A25B-F317B91111B1}.Release|Any CPU.ActiveCfg = Release|Any CPU
		{3FB02C47-A829-4473-A25B-F317B91111B1}.Release|Any CPU.Build.0 = Release|Any CPU
		{1D88D647-1A5E-4B4C-AC9E-135C39481A9E}.Debug|Any CPU.ActiveCfg = Debug|Any CPU
		{1D88D647-1A5E-4B4C-AC9E-135C39481A9E}.Debug|Any CPU.Build.0 = Debug|Any CPU
		{1D88D647-1A5E-4B4C-AC9E-135C39481A9E}.Release|Any CPU.ActiveCfg = Release|Any CPU
		{1D88D647-1A5E-4B4C-AC9E-135C39481A9E}.Release|Any CPU.Build.0 = Release|Any CPU
	EndGlobalSection
EndGlobal
