
Microsoft Visual Studio Solution File, Format Version 12.00
Project("{FAE04EC0-301F-11D3-BF4B-00C04F79EFBC}") = "Lesson1", "Lesson1\Lesson1.csproj", "{881A8334-773B-49CE-B684-85E3039FAA14}"
EndProject
Project("{FAE04EC0-301F-11D3-BF4B-00C04F79EFBC}") = "Task1", "Task1\Task1.csproj", "{AD6B7E7D-801A-43E8-A343-D1AEAE620B8A}"
EndProject
Project("{FAE04EC0-301F-11D3-BF4B-00C04F79EFBC}") = "Task2", "Task2\Task2.csproj", "{EF504005-B8A8-4CA0-993F-74727BD3FE33}"
EndProject
Project("{FAE04EC0-301F-11D3-BF4B-00C04F79EFBC}") = "Task3", "Task3\Task3.csproj", "{BF137C67-60A5-4CC1-B3DC-9D55AD17FBB2}"
EndProject
Global
	GlobalSection(SolutionConfigurationPlatforms) = preSolution
		Debug|Any CPU = Debug|Any CPU
		Release|Any CPU = Release|Any CPU
	EndGlobalSection
	GlobalSection(ProjectConfigurationPlatforms) = postSolution
		{881A8334-773B-49CE-B684-85E3039FAA14}.Debug|Any CPU.ActiveCfg = Debug|Any CPU
		{881A8334-773B-49CE-B684-85E3039FAA14}.Debug|Any CPU.Build.0 = Debug|Any CPU
		{881A8334-773B-49CE-B684-85E3039FAA14}.Release|Any CPU.ActiveCfg = Release|Any CPU
		{881A8334-773B-49CE-B684-85E3039FAA14}.Release|Any CPU.Build.0 = Release|Any CPU
		{AD6B7E7D-801A-43E8-A343-D1AEAE620B8A}.Debug|Any CPU.ActiveCfg = Debug|Any CPU
		{AD6B7E7D-801A-43E8-A343-D1AEAE620B8A}.Debug|Any CPU.Build.0 = Debug|Any CPU
		{AD6B7E7D-801A-43E8-A343-D1AEAE620B8A}.Release|Any CPU.ActiveCfg = Release|Any CPU
		{AD6B7E7D-801A-43E8-A343-D1AEAE620B8A}.Release|Any CPU.Build.0 = Release|Any CPU
		{EF504005-B8A8-4CA0-993F-74727BD3FE33}.Debug|Any CPU.ActiveCfg = Debug|Any CPU
		{EF504005-B8A8-4CA0-993F-74727BD3FE33}.Debug|Any CPU.Build.0 = Debug|Any CPU
		{EF504005-B8A8-4CA0-993F-74727BD3FE33}.Release|Any CPU.ActiveCfg = Release|Any CPU
		{EF504005-B8A8-4CA0-993F-74727BD3FE33}.Release|Any CPU.Build.0 = Release|Any CPU
		{BF137C67-60A5-4CC1-B3DC-9D55AD17FBB2}.Debug|Any CPU.ActiveCfg = Debug|Any CPU
		{BF137C67-60A5-4CC1-B3DC-9D55AD17FBB2}.Debug|Any CPU.Build.0 = Debug|Any CPU
		{BF137C67-60A5-4CC1-B3DC-9D55AD17FBB2}.Release|Any CPU.ActiveCfg = Release|Any CPU
		{BF137C67-60A5-4CC1-B3DC-9D55AD17FBB2}.Release|Any CPU.Build.0 = Release|Any CPU
	EndGlobalSection
EndGlobal
